
Microsoft Visual Studio Solution File, Format Version 12.00
# Visual Studio Version 17
VisualStudioVersion = 17.8.34408.163
MinimumVisualStudioVersion = 10.0.40219.1
Project("{8BC9CEB8-8B4A-11D0-8D11-00A0C91BC942}") = "Engine", "Engine\Engine.vcxproj", "{CF4BE5FC-09DA-4BE6-BE0A-E828BF2880DC}"
EndProject
Project("{8BC9CEB8-8B4A-11D0-8D11-00A0C91BC942}") = "Client", "Client\Client.vcxproj", "{1BE50AB0-DF7D-4B54-ACAE-F77C0484446F}"
EndProject
Project("{8BC9CEB8-8B4A-11D0-8D11-00A0C91BC942}") = "Server", "Server\Server.vcxproj", "{50902289-D00B-4221-81B8-105D9B94E8C4}"
EndProject
Global
	GlobalSection(SolutionConfigurationPlatforms) = preSolution
		Debug|x64 = Debug|x64
		Debug|x86 = Debug|x86
		Release|x64 = Release|x64
		Release|x86 = Release|x86
	EndGlobalSection
	GlobalSection(ProjectConfigurationPlatforms) = postSolution
		{CF4BE5FC-09DA-4BE6-BE0A-E828BF2880DC}.Debug|x64.ActiveCfg = Debug|x64
		{CF4BE5FC-09DA-4BE6-BE0A-E828BF2880DC}.Debug|x64.Build.0 = Debug|x64
		{CF4BE5FC-09DA-4BE6-BE0A-E828BF2880DC}.Debug|x86.ActiveCfg = Debug|Win32
		{CF4BE5FC-09DA-4BE6-BE0A-E828BF2880DC}.Debug|x86.Build.0 = Debug|Win32
		{CF4BE5FC-09DA-4BE6-BE0A-E828BF2880DC}.Release|x64.ActiveCfg = Release|x64
		{CF4BE5FC-09DA-4BE6-BE0A-E828BF2880DC}.Release|x64.Build.0 = Release|x64
		{CF4BE5FC-09DA-4BE6-BE0A-E828BF2880DC}.Release|x86.ActiveCfg = Release|Win32
		{CF4BE5FC-09DA-4BE6-BE0A-E828BF2880DC}.Release|x86.Build.0 = Release|Win32
		{1BE50AB0-DF7D-4B54-ACAE-F77C0484446F}.Debug|x64.ActiveCfg = Debug|x64
		{1BE50AB0-DF7D-4B54-ACAE-F77C0484446F}.Debug|x64.Build.0 = Debug|x64
		{1BE50AB0-DF7D-4B54-ACAE-F77C0484446F}.Debug|x86.ActiveCfg = Debug|Win32
		{1BE50AB0-DF7D-4B54-ACAE-F77C0484446F}.Debug|x86.Build.0 = Debug|Win32
		{1BE50AB0-DF7D-4B54-ACAE-F77C0484446F}.Release|x64.ActiveCfg = Release|x64
		{1BE50AB0-DF7D-4B54-ACAE-F77C0484446F}.Release|x64.Build.0 = Release|x64
		{1BE50AB0-DF7D-4B54-ACAE-F77C0484446F}.Release|x86.ActiveCfg = Release|Win32
		{1BE50AB0-DF7D-4B54-ACAE-F77C0484446F}.Release|x86.Build.0 = Release|Win32
		{50902289-D00B-4221-81B8-105D9B94E8C4}.Debug|x64.ActiveCfg = Debug|x64
		{50902289-D00B-4221-81B8-105D9B94E8C4}.Debug|x64.Build.0 = Debug|x64
		{50902289-D00B-4221-81B8-105D9B94E8C4}.Debug|x86.ActiveCfg = Debug|Win32
		{50902289-D00B-4221-81B8-105D9B94E8C4}.Debug|x86.Build.0 = Debug|Win32
		{50902289-D00B-4221-81B8-105D9B94E8C4}.Release|x64.ActiveCfg = Release|x64
		{50902289-D00B-4221-81B8-105D9B94E8C4}.Release|x64.Build.0 = Release|x64
		{50902289-D00B-4221-81B8-105D9B94E8C4}.Release|x86.ActiveCfg = Release|Win32
		{50902289-D00B-4221-81B8-105D9B94E8C4}.Release|x86.Build.0 = Release|Win32
	EndGlobalSection
	GlobalSection(SolutionProperties) = preSolution
		HideSolutionNode = FALSE
	EndGlobalSection
	GlobalSection(ExtensibilityGlobals) = postSolution
		SolutionGuid = {E07948B5-A9B9-4A6E-B12D-505AD92D1CE1}
	EndGlobalSection
EndGlobal
