
Microsoft Visual Studio Solution File, Format Version 12.00
# Visual Studio Version 17
VisualStudioVersion = 17.8.34408.163
MinimumVisualStudioVersion = 10.0.40219.1
Project("{8BC9CEB8-8B4A-11D0-8D11-00A0C91BC942}") = "Server", "Server.vcxproj", "{50902289-D00B-4221-81B8-105D9B94E8C4}"
EndProject
Global
	GlobalSection(SolutionConfigurationPlatforms) = preSolution
		Debug|x64 = Debug|x64
		Debug|x86 = Debug|x86
		Release|x64 = Release|x64
		Release|x86 = Release|x86
	EndGlobalSection
	GlobalSection(ProjectConfigurationPlatforms) = postSolution
		{50902289-D00B-4221-81B8-105D9B94E8C4}.Debug|x64.ActiveCfg = Debug|x64
		{50902289-D00B-4221-81B8-105D9B94E8C4}.Debug|x64.Build.0 = Debug|x64
		{50902289-D00B-4221-81B8-105D9B94E8C4}.Debug|x86.ActiveCfg = Debug|Win32
		{50902289-D00B-4221-81B8-105D9B94E8C4}.Debug|x86.Build.0 = Debug|Win32
		{50902289-D00B-4221-81B8-105D9B94E8C4}.Release|x64.ActiveCfg = Release|x64
		{50902289-D00B-4221-81B8-105D9B94E8C4}.Release|x64.Build.0 = Release|x64
		{50902289-D00B-4221-81B8-105D9B94E8C4}.Release|x86.ActiveCfg = Release|Win32
		{50902289-D00B-4221-81B8-105D9B94E8C4}.Release|x86.Build.0 = Release|Win32
	EndGlobalSection
	GlobalSection(SolutionProperties) = preSolution
		HideSolutionNode = FALSE
	EndGlobalSection
	GlobalSection(ExtensibilityGlobals) = postSolution
		SolutionGuid = {CD0C1CD0-9523-42DD-A511-F7EA81E5E74F}
	EndGlobalSection
EndGlobal
